
Microsoft Visual Studio Solution File, Format Version 12.00
# Visual Studio 15
VisualStudioVersion = 15.0.28010.2041
MinimumVisualStudioVersion = 10.0.40219.1
Project("{FAE04EC0-301F-11D3-BF4B-00C04F79EFBC}") = "U18OCT08X1", "U18OCT08X1\U18OCT08X1.csproj", "{8606883C-4DB9-48D4-8463-2140CE7C1D2B}"
EndProject
Global
	GlobalSection(SolutionConfigurationPlatforms) = preSolution
		Debug|Any CPU = Debug|Any CPU
		Release|Any CPU = Release|Any CPU
	EndGlobalSection
	GlobalSection(ProjectConfigurationPlatforms) = postSolution
		{8606883C-4DB9-48D4-8463-2140CE7C1D2B}.Debug|Any CPU.ActiveCfg = Debug|Any CPU
		{8606883C-4DB9-48D4-8463-2140CE7C1D2B}.Debug|Any CPU.Build.0 = Debug|Any CPU
		{8606883C-4DB9-48D4-8463-2140CE7C1D2B}.Release|Any CPU.ActiveCfg = Release|Any CPU
		{8606883C-4DB9-48D4-8463-2140CE7C1D2B}.Release|Any CPU.Build.0 = Release|Any CPU
	EndGlobalSection
	GlobalSection(SolutionProperties) = preSolution
		HideSolutionNode = FALSE
	EndGlobalSection
	GlobalSection(ExtensibilityGlobals) = postSolution
		SolutionGuid = {6F3B7771-277B-4A85-A845-910DE4441ACA}
	EndGlobalSection
EndGlobal
